{
  "name": "emojimili",
  "version": "1.0.0",
  "lockfileVersion": 3,
  "requires": true,
  "packages": {
    "": {
      "name": "emojimili",
      "version": "1.0.0",
      "license": "MIT",
      "dependencies": {
        "emili": "^1.0.1"
      }
    },
    "node_modules/emili": {
      "version": "1.0.1",
      "resolved": "https://registry.npmjs.org/emili/-/emili-1.0.1.tgz",
      "integrity": "sha512-djh3yslbnMC+os0uo2qRySQOUEretLNxdibT3usJ8Rbb5gTJgKg6DFWP4iip8iq1RJ3U6yXVIMa9J27HGr2PYw==",
      "dependencies": {
        "emojimili": "^1.0.0"
      }
    },
    "node_modules/emojimili": {
      "version": "1.0.0",
      "resolved": "https://registry.npmjs.org/emojimili/-/emojimili-1.0.0.tgz",
      "integrity": "sha512-0go+kVWWqiGzy1yBlSXK58Q3O6JDMNEngLofWFv4XvZSolEqWwNT+4wgdT3MEVqVbGPwBiSo7vlCK0l04sJmxA=="
    }
  }
}
